{
  "name": "node-rpsls",
  "version": "1.0.0",
  "lockfileVersion": 2,
  "requires": true,
  "packages": {
    "": {
      "name": "node-rpsls",
      "version": "1.0.0",
      "license": "MIT",
      "dependencies": {
        "minimist": "^1.2.8",
        "node-rpsls": "^1.0.0",
        "rpsls": "^0.9.0"
      },
      "bin": {
        "node-rps": "bin/rps-cli.js",
        "node-rpsls": "bin/rpsls-cli.js"
      }
    },
    "node_modules/minimist": {
      "version": "1.2.8",
      "resolved": "https://registry.npmjs.org/minimist/-/minimist-1.2.8.tgz",
      "integrity": "sha512-2yyAR8qBkN3YuheJanUpWC5U3bb5osDywNB8RzDVlDwDHbocAJveqqj1u8+SVD7jkWT4yvsHCpWqqWqAxb0zCA==",
      "funding": {
        "url": "https://github.com/sponsors/ljharb"
      }
    },
    "node_modules/node-rpsls": {
      "version": "1.0.0",
      "resolved": "https://registry.npmjs.org/node-rpsls/-/node-rpsls-1.0.0.tgz",
      "integrity": "sha512-8F6m2gLW/uhVTG1tuxGVzugAFJNtVnTGHbJkCfhiL3V75ZZp/PBdT8YUvCxMWykzYHA4qrLW3fucQxy5vKyKPw==",
      "dependencies": {
        "minimist": "^1.2.8"
      },
      "bin": {
        "node-rps": "bin/rps-cli.js",
        "node-rpsls": "rpsls-cli.js"
      }
    },
    "node_modules/rpsls": {
      "version": "0.9.0",
      "resolved": "https://registry.npmjs.org/rpsls/-/rpsls-0.9.0.tgz",
      "integrity": "sha512-nAJXmZ0Ld+hWSXVLE8WMBdO7ltBwZp8cq4fpD1KajPXz11jQkO5V6YO8kgLRXDs4mk5YHjYcXY7W55yrkuIn8w=="
    }
  },
  "dependencies": {
    "minimist": {
      "version": "1.2.8",
      "resolved": "https://registry.npmjs.org/minimist/-/minimist-1.2.8.tgz",
      "integrity": "sha512-2yyAR8qBkN3YuheJanUpWC5U3bb5osDywNB8RzDVlDwDHbocAJveqqj1u8+SVD7jkWT4yvsHCpWqqWqAxb0zCA=="
    },
    "node-rpsls": {
      "version": "1.0.0",
      "resolved": "https://registry.npmjs.org/node-rpsls/-/node-rpsls-1.0.0.tgz",
      "integrity": "sha512-8F6m2gLW/uhVTG1tuxGVzugAFJNtVnTGHbJkCfhiL3V75ZZp/PBdT8YUvCxMWykzYHA4qrLW3fucQxy5vKyKPw==",
      "requires": {
        "minimist": "^1.2.8"
      }
    },
    "rpsls": {
      "version": "0.9.0",
      "resolved": "https://registry.npmjs.org/rpsls/-/rpsls-0.9.0.tgz",
      "integrity": "sha512-nAJXmZ0Ld+hWSXVLE8WMBdO7ltBwZp8cq4fpD1KajPXz11jQkO5V6YO8kgLRXDs4mk5YHjYcXY7W55yrkuIn8w=="
    }
  }
}
